
Microsoft Visual Studio Solution File, Format Version 12.00
# Visual Studio Version 17
VisualStudioVersion = 17.2.34408.132
MinimumVisualStudioVersion = 10.0.40219.1
Project("{FAE04EC0-301F-11D3-BF4B-00C04F79EFBC}") = "ExcelDemo", "ExcelDemo\ExcelDemo.csproj", "{3FF3F01E-308A-432C-B421-CC1CD4C4C81F}"
EndProject
Global
	GlobalSection(SolutionConfigurationPlatforms) = preSolution
		Debug|Any CPU = Debug|Any CPU
		Release|Any CPU = Release|Any CPU
	EndGlobalSection
	GlobalSection(ProjectConfigurationPlatforms) = postSolution
		{3FF3F01E-308A-432C-B421-CC1CD4C4C81F}.Debug|Any CPU.ActiveCfg = Debug|Any CPU
		{3FF3F01E-308A-432C-B421-CC1CD4C4C81F}.Debug|Any CPU.Build.0 = Debug|Any CPU
		{3FF3F01E-308A-432C-B421-CC1CD4C4C81F}.Release|Any CPU.ActiveCfg = Release|Any CPU
		{3FF3F01E-308A-432C-B421-CC1CD4C4C81F}.Release|Any CPU.Build.0 = Release|Any CPU
	EndGlobalSection
	GlobalSection(SolutionProperties) = preSolution
		HideSolutionNode = FALSE
	EndGlobalSection
	GlobalSection(ExtensibilityGlobals) = postSolution
		SolutionGuid = {BB79EABB-FB3D-45DA-9AAF-D5AB99F90E27}
	EndGlobalSection
EndGlobal
